
Microsoft Visual Studio Solution File, Format Version 12.00
# Visual Studio Version 17
VisualStudioVersion = 17.2.32516.85
MinimumVisualStudioVersion = 10.0.40219.1
Project("{2150E333-8FDC-42A3-9474-1A3956D46DE8}") = "src", "src", "{CEAA95CB-B65E-4D14-8091-90615DD6A744}"
EndProject
Project("{2150E333-8FDC-42A3-9474-1A3956D46DE8}") = "test", "test", "{A79AA53D-450E-4D8C-83B1-D80EDC4A7390}"
EndProject
Project("{FAE04EC0-301F-11D3-BF4B-00C04F79EFBC}") = "Base.Common", "src\Base.Common\Base.Common.csproj", "{DDAF58D6-E1D8-4D68-A0E4-88E2F5DCD7AA}"
EndProject
Project("{FAE04EC0-301F-11D3-BF4B-00C04F79EFBC}") = "Base.Common.Test", "test\Base.Common.Test\Base.Common.Test.csproj", "{5391F897-0E9E-4421-8DE3-B558EAEBB818}"
EndProject
Project("{FAE04EC0-301F-11D3-BF4B-00C04F79EFBC}") = "Base.Domain", "src\Base.Domain\Base.Domain.csproj", "{AABF8782-0CF0-48F7-9273-48EAE8B4FF8E}"
EndProject
Project("{FAE04EC0-301F-11D3-BF4B-00C04F79EFBC}") = "Base.Domain.Test", "test\Base.Domain.Test\Base.Domain.Test.csproj", "{53AD42ED-DE84-4286-9947-610375EC309E}"
EndProject
Project("{FAE04EC0-301F-11D3-BF4B-00C04F79EFBC}") = "Base.Infra.Data", "src\Base.Infra.Data\Base.Infra.Data.csproj", "{022C6A0B-9B6A-4580-8C1B-0D59512F4496}"
EndProject
Project("{FAE04EC0-301F-11D3-BF4B-00C04F79EFBC}") = "Base.Infra.Data.Test", "test\Base.Infra.Data.Test\Base.Infra.Data.Test.csproj", "{AB350852-2350-4EDE-8B0E-4C9665008CF2}"
EndProject
Project("{FAE04EC0-301F-11D3-BF4B-00C04F79EFBC}") = "Base.Infra.IoC", "src\Base.Infra.IoC\Base.Infra.IoC.csproj", "{6C294AB1-F938-4FE7-BF44-6D72F355E8F7}"
EndProject
Project("{FAE04EC0-301F-11D3-BF4B-00C04F79EFBC}") = "Base.Infra.IoC.Test", "test\Base.Infra.IoC.Test\Base.Infra.IoC.Test.csproj", "{5BFFA6EE-B448-4ED9-B243-5BD16D74F103}"
EndProject
Project("{FAE04EC0-301F-11D3-BF4B-00C04F79EFBC}") = "Base.Application", "src\Base.Application\Base.Application.csproj", "{E0CF078C-2738-4F65-A72C-B9E0DC28CF7E}"
EndProject
Project("{FAE04EC0-301F-11D3-BF4B-00C04F79EFBC}") = "Base.Application.Test", "test\Base.Application.Test\Base.Application.Test.csproj", "{EAFE8FA1-1835-4A73-BCCE-497111B10855}"
EndProject
Project("{FAE04EC0-301F-11D3-BF4B-00C04F79EFBC}") = "Base.WebApi", "src\Base.WebApi\Base.WebApi.csproj", "{29776764-F221-46DE-93AC-08347028A6BD}"
EndProject
Project("{FAE04EC0-301F-11D3-BF4B-00C04F79EFBC}") = "Base.WebApi.Test", "test\Base.WebApi.Test\Base.WebApi.Test.csproj", "{271500E3-263D-41ED-95E0-21E9DEF43BED}"
EndProject
Global
	GlobalSection(SolutionConfigurationPlatforms) = preSolution
		Debug|Any CPU = Debug|Any CPU
		Release|Any CPU = Release|Any CPU
	EndGlobalSection
	GlobalSection(ProjectConfigurationPlatforms) = postSolution
		{DDAF58D6-E1D8-4D68-A0E4-88E2F5DCD7AA}.Debug|Any CPU.ActiveCfg = Debug|Any CPU
		{DDAF58D6-E1D8-4D68-A0E4-88E2F5DCD7AA}.Debug|Any CPU.Build.0 = Debug|Any CPU
		{DDAF58D6-E1D8-4D68-A0E4-88E2F5DCD7AA}.Release|Any CPU.ActiveCfg = Release|Any CPU
		{DDAF58D6-E1D8-4D68-A0E4-88E2F5DCD7AA}.Release|Any CPU.Build.0 = Release|Any CPU
		{5391F897-0E9E-4421-8DE3-B558EAEBB818}.Debug|Any CPU.ActiveCfg = Debug|Any CPU
		{5391F897-0E9E-4421-8DE3-B558EAEBB818}.Debug|Any CPU.Build.0 = Debug|Any CPU
		{5391F897-0E9E-4421-8DE3-B558EAEBB818}.Release|Any CPU.ActiveCfg = Release|Any CPU
		{5391F897-0E9E-4421-8DE3-B558EAEBB818}.Release|Any CPU.Build.0 = Release|Any CPU
		{AABF8782-0CF0-48F7-9273-48EAE8B4FF8E}.Debug|Any CPU.ActiveCfg = Debug|Any CPU
		{AABF8782-0CF0-48F7-9273-48EAE8B4FF8E}.Debug|Any CPU.Build.0 = Debug|Any CPU
		{AABF8782-0CF0-48F7-9273-48EAE8B4FF8E}.Release|Any CPU.ActiveCfg = Release|Any CPU
		{AABF8782-0CF0-48F7-9273-48EAE8B4FF8E}.Release|Any CPU.Build.0 = Release|Any CPU
		{53AD42ED-DE84-4286-9947-610375EC309E}.Debug|Any CPU.ActiveCfg = Debug|Any CPU
		{53AD42ED-DE84-4286-9947-610375EC309E}.Debug|Any CPU.Build.0 = Debug|Any CPU
		{53AD42ED-DE84-4286-9947-610375EC309E}.Release|Any CPU.ActiveCfg = Release|Any CPU
		{53AD42ED-DE84-4286-9947-610375EC309E}.Release|Any CPU.Build.0 = Release|Any CPU
		{022C6A0B-9B6A-4580-8C1B-0D59512F4496}.Debug|Any CPU.ActiveCfg = Debug|Any CPU
		{022C6A0B-9B6A-4580-8C1B-0D59512F4496}.Debug|Any CPU.Build.0 = Debug|Any CPU
		{022C6A0B-9B6A-4580-8C1B-0D59512F4496}.Release|Any CPU.ActiveCfg = Release|Any CPU
		{022C6A0B-9B6A-4580-8C1B-0D59512F4496}.Release|Any CPU.Build.0 = Release|Any CPU
		{AB350852-2350-4EDE-8B0E-4C9665008CF2}.Debug|Any CPU.ActiveCfg = Debug|Any CPU
		{AB350852-2350-4EDE-8B0E-4C9665008CF2}.Debug|Any CPU.Build.0 = Debug|Any CPU
		{AB350852-2350-4EDE-8B0E-4C9665008CF2}.Release|Any CPU.ActiveCfg = Release|Any CPU
		{AB350852-2350-4EDE-8B0E-4C9665008CF2}.Release|Any CPU.Build.0 = Release|Any CPU
		{6C294AB1-F938-4FE7-BF44-6D72F355E8F7}.Debug|Any CPU.ActiveCfg = Debug|Any CPU
		{6C294AB1-F938-4FE7-BF44-6D72F355E8F7}.Debug|Any CPU.Build.0 = Debug|Any CPU
		{6C294AB1-F938-4FE7-BF44-6D72F355E8F7}.Release|Any CPU.ActiveCfg = Release|Any CPU
		{6C294AB1-F938-4FE7-BF44-6D72F355E8F7}.Release|Any CPU.Build.0 = Release|Any CPU
		{5BFFA6EE-B448-4ED9-B243-5BD16D74F103}.Debug|Any CPU.ActiveCfg = Debug|Any CPU
		{5BFFA6EE-B448-4ED9-B243-5BD16D74F103}.Debug|Any CPU.Build.0 = Debug|Any CPU
		{5BFFA6EE-B448-4ED9-B243-5BD16D74F103}.Release|Any CPU.ActiveCfg = Release|Any CPU
		{5BFFA6EE-B448-4ED9-B243-5BD16D74F103}.Release|Any CPU.Build.0 = Release|Any CPU
		{E0CF078C-2738-4F65-A72C-B9E0DC28CF7E}.Debug|Any CPU.ActiveCfg = Debug|Any CPU
		{E0CF078C-2738-4F65-A72C-B9E0DC28CF7E}.Debug|Any CPU.Build.0 = Debug|Any CPU
		{E0CF078C-2738-4F65-A72C-B9E0DC28CF7E}.Release|Any CPU.ActiveCfg = Release|Any CPU
		{E0CF078C-2738-4F65-A72C-B9E0DC28CF7E}.Release|Any CPU.Build.0 = Release|Any CPU
		{EAFE8FA1-1835-4A73-BCCE-497111B10855}.Debug|Any CPU.ActiveCfg = Debug|Any CPU
		{EAFE8FA1-1835-4A73-BCCE-497111B10855}.Debug|Any CPU.Build.0 = Debug|Any CPU
		{EAFE8FA1-1835-4A73-BCCE-497111B10855}.Release|Any CPU.ActiveCfg = Release|Any CPU
		{EAFE8FA1-1835-4A73-BCCE-497111B10855}.Release|Any CPU.Build.0 = Release|Any CPU
		{29776764-F221-46DE-93AC-08347028A6BD}.Debug|Any CPU.ActiveCfg = Debug|Any CPU
		{29776764-F221-46DE-93AC-08347028A6BD}.Debug|Any CPU.Build.0 = Debug|Any CPU
		{29776764-F221-46DE-93AC-08347028A6BD}.Release|Any CPU.ActiveCfg = Release|Any CPU
		{29776764-F221-46DE-93AC-08347028A6BD}.Release|Any CPU.Build.0 = Release|Any CPU
		{271500E3-263D-41ED-95E0-21E9DEF43BED}.Debug|Any CPU.ActiveCfg = Debug|Any CPU
		{271500E3-263D-41ED-95E0-21E9DEF43BED}.Debug|Any CPU.Build.0 = Debug|Any CPU
		{271500E3-263D-41ED-95E0-21E9DEF43BED}.Release|Any CPU.ActiveCfg = Release|Any CPU
		{271500E3-263D-41ED-95E0-21E9DEF43BED}.Release|Any CPU.Build.0 = Release|Any CPU
	EndGlobalSection
	GlobalSection(SolutionProperties) = preSolution
		HideSolutionNode = FALSE
	EndGlobalSection
	GlobalSection(NestedProjects) = preSolution
		{DDAF58D6-E1D8-4D68-A0E4-88E2F5DCD7AA} = {CEAA95CB-B65E-4D14-8091-90615DD6A744}
		{5391F897-0E9E-4421-8DE3-B558EAEBB818} = {A79AA53D-450E-4D8C-83B1-D80EDC4A7390}
		{AABF8782-0CF0-48F7-9273-48EAE8B4FF8E} = {CEAA95CB-B65E-4D14-8091-90615DD6A744}
		{53AD42ED-DE84-4286-9947-610375EC309E} = {A79AA53D-450E-4D8C-83B1-D80EDC4A7390}
		{022C6A0B-9B6A-4580-8C1B-0D59512F4496} = {CEAA95CB-B65E-4D14-8091-90615DD6A744}
		{AB350852-2350-4EDE-8B0E-4C9665008CF2} = {A79AA53D-450E-4D8C-83B1-D80EDC4A7390}
		{6C294AB1-F938-4FE7-BF44-6D72F355E8F7} = {CEAA95CB-B65E-4D14-8091-90615DD6A744}
		{5BFFA6EE-B448-4ED9-B243-5BD16D74F103} = {A79AA53D-450E-4D8C-83B1-D80EDC4A7390}
		{E0CF078C-2738-4F65-A72C-B9E0DC28CF7E} = {CEAA95CB-B65E-4D14-8091-90615DD6A744}
		{EAFE8FA1-1835-4A73-BCCE-497111B10855} = {A79AA53D-450E-4D8C-83B1-D80EDC4A7390}
		{29776764-F221-46DE-93AC-08347028A6BD} = {CEAA95CB-B65E-4D14-8091-90615DD6A744}
		{271500E3-263D-41ED-95E0-21E9DEF43BED} = {A79AA53D-450E-4D8C-83B1-D80EDC4A7390}
	EndGlobalSection
	GlobalSection(ExtensibilityGlobals) = postSolution
		SolutionGuid = {8CAB78A9-4249-44E5-99AD-D6104FCE4D39}
	EndGlobalSection
EndGlobal
